
Microsoft Visual Studio Solution File, Format Version 12.00
# Visual Studio 2013
VisualStudioVersion = 12.0.40629.0
MinimumVisualStudioVersion = 10.0.40219.1
Project("{FAE04EC0-301F-11D3-BF4B-00C04F79EFBC}") = "WindowsAuthWcfService", "WindowsAuthWcfService\WindowsAuthWcfService.csproj", "{093C96D0-8E1D-4F19-A044-C552CA6F6D5E}"
EndProject
Project("{FAE04EC0-301F-11D3-BF4B-00C04F79EFBC}") = "WcfServiceConsumer", "WcfServiceConsumer\WcfServiceConsumer.csproj", "{ECB14894-21B0-4F93-8969-0D4FAC6DC110}"
EndProject
Global
	GlobalSection(SolutionConfigurationPlatforms) = preSolution
		Debug|Any CPU = Debug|Any CPU
		Release|Any CPU = Release|Any CPU
	EndGlobalSection
	GlobalSection(ProjectConfigurationPlatforms) = postSolution
		{093C96D0-8E1D-4F19-A044-C552CA6F6D5E}.Debug|Any CPU.ActiveCfg = Debug|Any CPU
		{093C96D0-8E1D-4F19-A044-C552CA6F6D5E}.Debug|Any CPU.Build.0 = Debug|Any CPU
		{093C96D0-8E1D-4F19-A044-C552CA6F6D5E}.Release|Any CPU.ActiveCfg = Release|Any CPU
		{093C96D0-8E1D-4F19-A044-C552CA6F6D5E}.Release|Any CPU.Build.0 = Release|Any CPU
		{ECB14894-21B0-4F93-8969-0D4FAC6DC110}.Debug|Any CPU.ActiveCfg = Debug|Any CPU
		{ECB14894-21B0-4F93-8969-0D4FAC6DC110}.Debug|Any CPU.Build.0 = Debug|Any CPU
		{ECB14894-21B0-4F93-8969-0D4FAC6DC110}.Release|Any CPU.ActiveCfg = Release|Any CPU
		{ECB14894-21B0-4F93-8969-0D4FAC6DC110}.Release|Any CPU.Build.0 = Release|Any CPU
	EndGlobalSection
	GlobalSection(SolutionProperties) = preSolution
		HideSolutionNode = FALSE
	EndGlobalSection
EndGlobal
